// !$*UTF8*$!
{
	archiveVersion = 1;
	classes = {
	};
	objectVersion = 46;
	objects = {

/* Begin PBXBuildFile section */
		23DAE0F21C84833200F39E7B /* AppDelegate.swift in Sources */ = {isa = PBXBuildFile; fileRef = 23DAE0F11C84833200F39E7B /* AppDelegate.swift */; };
		23DAE0F41C84833200F39E7B /* ViewController.swift in Sources */ = {isa = PBXBuildFile; fileRef = 23DAE0F31C84833200F39E7B /* ViewController.swift */; };
		23DAE0F71C84833200F39E7B /* Main.storyboard in Resources */ = {isa = PBXBuildFile; fileRef = 23DAE0F51C84833200F39E7B /* Main.storyboard */; };
		23DAE0F91C84833200F39E7B /* Assets.xcassets in Resources */ = {isa = PBXBuildFile; fileRef = 23DAE0F81C84833200F39E7B /* Assets.xcassets */; };
		23DAE0FC1C84833200F39E7B /* LaunchScreen.storyboard in Resources */ = {isa = PBXBuildFile; fileRef = 23DAE0FA1C84833200F39E7B /* LaunchScreen.storyboard */; };
/* End PBXBuildFile section */

/* Begin PBXFileReference section */
		23DAE0EE1C84833200F39E7B /* Iconos.app */ = {isa = PBXFileReference; explicitFileType = wrapper.application; includeInIndex = 0; path = Iconos.app; sourceTree = BUILT_PRODUCTS_DIR; };
		23DAE0F11C84833200F39E7B /* AppDelegate.swift */ = {isa = PBXFileReference; lastKnownFileType = sourcecode.swift; path = AppDelegate.swift; sourceTree = "<group>"; };
		23DAE0F31C84833200F39E7B /* ViewController.swift */ = {isa = PBXFileReference; lastKnownFileType = sourcecode.swift; path = ViewController.swift; sourceTree = "<group>"; };
		23DAE0F61C84833200F39E7B /* Base */ = {isa = PBXFileReference; lastKnownFileType = file.storyboard; name = Base; path = Base.lproj/Main.storyboard; sourceTree = "<group>"; };
		23DAE0F81C84833200F39E7B /* Assets.xcassets */ = {isa = PBXFileReference; lastKnownFileType = folder.assetcatalog; path = Assets.xcassets; sourceTree = "<group>"; };
		23DAE0FB1C84833200F39E7B /* Base */ = {isa = PBXFileReference; lastKnownFileType = file.storyboard; name = Base; path = Base.lproj/LaunchScreen.storyboard; sourceTree = "<group>"; };
		23DAE0FD1C84833200F39E7B /* Info.plist */ = {isa = PBXFileReference; lastKnownFileType = text.plist.xml; path = Info.plist; sourceTree = "<group>"; };
/* End PBXFileReference section */

/* Begin PBXFrameworksBuildPhase section */
		23DAE0EB1C84833200F39E7B /* Frameworks */ = {
			isa = PBXFrameworksBuildPhase;
			buildActionMask = 2147483647;
			files = (
			);
			runOnlyForDeploymentPostprocessing = 0;
		};
/* End PBXFrameworksBuildPhase section */

/* Begin PBXGroup section */
		23DAE0E51C84833200F39E7B = {
			isa = PBXGroup;
			children = (
				23DAE0F01C84833200F39E7B /* Iconos */,
				23DAE0EF1C84833200F39E7B /* Products */,
			);
			sourceTree = "<group>";
		};
		23DAE0EF1C84833200F39E7B /* Products */ = {
			isa = PBXGroup;
			children = (
				23DAE0EE1C84833200F39E7B /* Iconos.app */,
			);
			name = Products;
			sourceTree = "<group>";
		};
		23DAE0F01C84833200F39E7B /* Iconos */ = {
			isa = PBXGroup;
			children = (
				23DAE0F11C84833200F39E7B /* AppDelegate.swift */,
				23DAE0F31C84833200F39E7B /* ViewController.swift */,
				23DAE0F51C84833200F39E7B /* Main.storyboard */,
				23DAE0F81C84833200F39E7B /* Assets.xcassets */,
				23DAE0FA1C84833200F39E7B /* LaunchScreen.storyboard */,
				23DAE0FD1C84833200F39E7B /* Info.plist */,
			);
			path = Iconos;
			sourceTree = "<group>";
		};
/* End PBXGroup section */

/* Begin PBXNativeTarget section */
		23DAE0ED1C84833200F39E7B /* Iconos */ = {
			isa = PBXNativeTarget;
			buildConfigurationList = 23DAE1001C84833200F39E7B /* Build configuration list for PBXNativeTarget "Iconos" */;
			buildPhases = (
				23DAE0EA1C84833200F39E7B /* Sources */,
				23DAE0EB1C84833200F39E7B /* Frameworks */,
				23DAE0EC1C84833200F39E7B /* Resources */,
			);
			buildRules = (
			);
			dependencies = (
			);
			name = Iconos;
			productName = Iconos;
			productReference = 23DAE0EE1C84833200F39E7B /* Iconos.app */;
			productType = "com.apple.product-type.application";
		};
/* End PBXNativeTarget section */

/* Begin PBXProject section */
		23DAE0E61C84833200F39E7B /* Project object */ = {
			isa = PBXProject;
			attributes = {
				LastSwiftUpdateCheck = 0720;
				LastUpgradeCheck = 0720;
				ORGANIZATIONNAME = "Next U";
				TargetAttributes = {
					23DAE0ED1C84833200F39E7B = {
						CreatedOnToolsVersion = 7.2.1;
						DevelopmentTeam = 6BN576NDFT;
					};
				};
			};
			buildConfigurationList = 23DAE0E91C84833200F39E7B /* Build configuration list for PBXProject "Iconos" */;
			compatibilityVersion = "Xcode 3.2";
			developmentRegion = English;
			hasScannedForEncodings = 0;
			knownRegions = (
				en,
				Base,
			);
			mainGroup = 23DAE0E51C84833200F39E7B;
			productRefGroup = 23DAE0EF1C84833200F39E7B /* Products */;
			projectDirPath = "";
			projectRoot = "";
			targets = (
				23DAE0ED1C84833200F39E7B /* Iconos */,
			);
		};
/* End PBXProject section */

/* Begin PBXResourcesBuildPhase section */
		23DAE0EC1C84833200F39E7B /* Resources */ = {
			isa = PBXResourcesBuildPhase;
			buildActionMask = 2147483647;
			files = (
				23DAE0FC1C84833200F39E7B /* LaunchScreen.storyboard in Resources */,
				23DAE0F91C84833200F39E7B /* Assets.xcassets in Resources */,
				23DAE0F71C84833200F39E7B /* Main.storyboard in Resources */,
			);
			runOnlyForDeploymentPostprocessing = 0;
		};
/* End PBXResourcesBuildPhase section */

/* Begin PBXSourcesBuildPhase section */
		23DAE0EA1C84833200F39E7B /* Sources */ = {
			isa = PBXSourcesBuildPhase;
			buildActionMask = 2147483647;
			files = (
				23DAE0F41C84833200F39E7B /* ViewController.swift in Sources */,
				23DAE0F21C84833200F39E7B /* AppDelegate.swift in Sources */,
			);
			runOnlyForDeploymentPostprocessing = 0;
		};
/* End PBXSourcesBuildPhase section */

/* Begin PBXVariantGroup section */
		23DAE0F51C84833200F39E7B /* Main.storyboard */ = {
			isa = PBXVariantGroup;
			children = (
				23DAE0F61C84833200F39E7B /* Base */,
			);
			name = Main.storyboard;
			sourceTree = "<group>";
		};
		23DAE0FA1C84833200F39E7B /* LaunchScreen.storyboard */ = {
			isa = PBXVariantGroup;
			children = (
				23DAE0FB1C84833200F39E7B /* Base */,
			);
			name = LaunchScreen.storyboard;
			sourceTree = "<group>";
		};
/* End PBXVariantGroup section */

/* Begin XCBuildConfiguration section */
		23DAE0FE1C84833200F39E7B /* Debug */ = {
			isa = XCBuildConfiguration;
			buildSettings = {
				ALWAYS_SEARCH_USER_PATHS = NO;
				CLANG_CXX_LANGUAGE_STANDARD = "gnu++0x";
				CLANG_CXX_LIBRARY = "libc++";
				CLANG_ENABLE_MODULES = YES;
				CLANG_ENABLE_OBJC_ARC = YES;
				CLANG_WARN_BOOL_CONVERSION = YES;
				CLANG_WARN_CONSTANT_CONVERSION = YES;
				CLANG_WARN_DIRECT_OBJC_ISA_USAGE = YES_ERROR;
				CLANG_WARN_EMPTY_BODY = YES;
				CLANG_WARN_ENUM_CONVERSION = YES;
				CLANG_WARN_INT_CONVERSION = YES;
				CLANG_WARN_OBJC_ROOT_CLASS = YES_ERROR;
				CLANG_WARN_UNREACHABLE_CODE = YES;
				CLANG_WARN__DUPLICATE_METHOD_MATCH = YES;
				"CODE_SIGN_IDENTITY[sdk=iphoneos*]" = "iPhone Developer";
				COPY_PHASE_STRIP = NO;
				DEBUG_INFORMATION_FORMAT = dwarf;
				ENABLE_STRICT_OBJC_MSGSEND = YES;
				ENABLE_TESTABILITY = YES;
				GCC_C_LANGUAGE_STANDARD = gnu99;
				GCC_DYNAMIC_NO_PIC = NO;
				GCC_NO_COMMON_BLOCKS = YES;
				GCC_OPTIMIZATION_LEVEL = 0;
				GCC_PREPROCESSOR_DEFINITIONS = (
					"DEBUG=1",
					"$(inherited)",
				);
				GCC_WARN_64_TO_32_BIT_CONVERSION = YES;
				GCC_WARN_ABOUT_RETURN_TYPE = YES_ERROR;
				GCC_WARN_UNDECLARED_SELECTOR = YES;
				GCC_WARN_UNINITIALIZED_AUTOS = YES_AGGRESSIVE;
				GCC_WARN_UNUSED_FUNCTION = YES;
				GCC_WARN_UNUSED_VARIABLE = YES;
				IPHONEOS_DEPLOYMENT_TARGET = 9.2;
				MTL_ENABLE_DEBUG_INFO = YES;
				ONLY_ACTIVE_ARCH = YES;
				SDKROOT = iphoneos;
				SWIFT_OPTIMIZATION_LEVEL = "-Onone";
			};
			name = Debug;
		};
		23DAE0FF1C84833200F39E7B /* Release */ = {
			isa = XCBuildConfiguration;
			buildSettings = {
				ALWAYS_SEARCH_USER_PATHS = NO;
				CLANG_CXX_LANGUAGE_STANDARD = "gnu++0x";
				CLANG_CXX_LIBRARY = "libc++";
				CLANG_ENABLE_MODULES = YES;
				CLANG_ENABLE_OBJC_ARC = YES;
				CLANG_WARN_BOOL_CONVERSION = YES;
				CLANG_WARN_CONSTANT_CONVERSION = YES;
				CLANG_WARN_DIRECT_OBJC_ISA_USAGE = YES_ERROR;
				CLANG_WARN_EMPTY_BODY = YES;
				CLANG_WARN_ENUM_CONVERSION = YES;
				CLANG_WARN_INT_CONVERSION = YES;
				CLANG_WARN_OBJC_ROOT_CLASS = YES_ERROR;
				CLANG_WARN_UNREACHABLE_CODE = YES;
				CLANG_WARN__DUPLICATE_METHOD_MATCH = YES;
				"CODE_SIGN_IDENTITY[sdk=iphoneos*]" = "iPhone Developer";
				COPY_PHASE_STRIP = NO;
				DEBUG_INFORMATION_FORMAT = "dwarf-with-dsym";
				ENABLE_NS_ASSERTIONS = NO;
				ENABLE_STRICT_OBJC_MSGSEND = YES;
				GCC_C_LANGUAGE_STANDARD = gnu99;
				GCC_NO_COMMON_BLOCKS = YES;
				GCC_WARN_64_TO_32_BIT_CONVERSION = YES;
				GCC_WARN_ABOUT_RETURN_TYPE = YES_ERROR;
				GCC_WARN_UNDECLARED_SELECTOR = YES;
				GCC_WARN_UNINITIALIZED_AUTOS = YES_AGGRESSIVE;
				GCC_WARN_UNUSED_FUNCTION = YES;
				GCC_WARN_UNUSED_VARIABLE = YES;
				IPHONEOS_DEPLOYMENT_TARGET = 9.2;
				MTL_ENABLE_DEBUG_INFO = NO;
				SDKROOT = iphoneos;
				VALIDATE_PRODUCT = YES;
			};
			name = Release;
		};
		23DAE1011C84833200F39E7B /* Debug */ = {
			isa = XCBuildConfiguration;
			buildSettings = {
				ASSETCATALOG_COMPILER_APPICON_NAME = AppIcon;
				INFOPLIST_FILE = Iconos/Info.plist;
				LD_RUNPATH_SEARCH_PATHS = "$(inherited) @executable_path/Frameworks";
				PRODUCT_BUNDLE_IDENTIFIER = como.nextu.iosdeveloper.Iconos;
				PRODUCT_NAME = "$(TARGET_NAME)";
			};
			name = Debug;
		};
		23DAE1021C84833200F39E7B /* Release */ = {
			isa = XCBuildConfiguration;
			buildSettings = {
				ASSETCATALOG_COMPILER_APPICON_NAME = AppIcon;
				INFOPLIST_FILE = Iconos/Info.plist;
				LD_RUNPATH_SEARCH_PATHS = "$(inherited) @executable_path/Frameworks";
				PRODUCT_BUNDLE_IDENTIFIER = como.nextu.iosdeveloper.Iconos;
				PRODUCT_NAME = "$(TARGET_NAME)";
			};
			name = Release;
		};
/* End XCBuildConfiguration section */

/* Begin XCConfigurationList section */
		23DAE0E91C84833200F39E7B /* Build configuration list for PBXProject "Iconos" */ = {
			isa = XCConfigurationList;
			buildConfigurations = (
				23DAE0FE1C84833200F39E7B /* Debug */,
				23DAE0FF1C84833200F39E7B /* Release */,
			);
			defaultConfigurationIsVisible = 0;
			defaultConfigurationName = Release;
		};
		23DAE1001C84833200F39E7B /* Build configuration list for PBXNativeTarget "Iconos" */ = {
			isa = XCConfigurationList;
			buildConfigurations = (
				23DAE1011C84833200F39E7B /* Debug */,
				23DAE1021C84833200F39E7B /* Release */,
			);
			defaultConfigurationIsVisible = 0;
		};
/* End XCConfigurationList section */
	};
	rootObject = 23DAE0E61C84833200F39E7B /* Project object */;
}
